# This file is automatically @generated by Cargo.
# It is not intended for manual editing.
version = 3

[[package]]
name = "gcd"
version = "2.1.0"
source = "registry+https://github.com/rust-lang/crates.io-index"
checksum = "f37978dab2ca789938a83b2f8bc1ef32db6633af9051a6cd409eff72cbaaa79a"
dependencies = [
 "paste",
]

[[package]]
name = "paste"
version = "1.0.7"
source = "registry+https://github.com/rust-lang/crates.io-index"
checksum = "0c520e05135d6e763148b6426a837e239041653ba7becd2e538c076c738025fc"

[[package]]
name = "rust-rsa"
version = "0.1.0"
dependencies = [
 "gcd",
]
